
Microsoft Visual Studio Solution File, Format Version 12.00
# Visual Studio Version 17
VisualStudioVersion = 17.8.34330.188
MinimumVisualStudioVersion = 10.0.40219.1
Project("{FAE04EC0-301F-11D3-BF4B-00C04F79EFBC}") = "klaseObjekti01", "klaseObjekti01.csproj", "{38BE44DD-A3CA-4B6B-85AF-129591C07911}"
EndProject
Global
	GlobalSection(SolutionConfigurationPlatforms) = preSolution
		Debug|Any CPU = Debug|Any CPU
		Release|Any CPU = Release|Any CPU
	EndGlobalSection
	GlobalSection(ProjectConfigurationPlatforms) = postSolution
		{38BE44DD-A3CA-4B6B-85AF-129591C07911}.Debug|Any CPU.ActiveCfg = Debug|Any CPU
		{38BE44DD-A3CA-4B6B-85AF-129591C07911}.Debug|Any CPU.Build.0 = Debug|Any CPU
		{38BE44DD-A3CA-4B6B-85AF-129591C07911}.Release|Any CPU.ActiveCfg = Release|Any CPU
		{38BE44DD-A3CA-4B6B-85AF-129591C07911}.Release|Any CPU.Build.0 = Release|Any CPU
	EndGlobalSection
	GlobalSection(SolutionProperties) = preSolution
		HideSolutionNode = FALSE
	EndGlobalSection
	GlobalSection(ExtensibilityGlobals) = postSolution
		SolutionGuid = {140A8D17-432A-443A-A8E0-F888F093B7F8}
	EndGlobalSection
EndGlobal
